
Microsoft Visual Studio Solution File, Format Version 12.00
# Visual Studio Version 16
VisualStudioVersion = 16.0.34301.259
MinimumVisualStudioVersion = 10.0.40219.1
Project("{FAE04EC0-301F-11D3-BF4B-00C04F79EFBC}") = "ShopOnline", "ShopOnline\ShopOnline.csproj", "{7F11FB2C-73B5-4B25-A80E-15FE82262003}"
EndProject
Project("{FAE04EC0-301F-11D3-BF4B-00C04F79EFBC}") = "Application", "Application\Application.csproj", "{86FB3539-6981-47E0-9E18-105DBD60043D}"
EndProject
Project("{FAE04EC0-301F-11D3-BF4B-00C04F79EFBC}") = "Domain", "Domain\Domain.csproj", "{DA4D5244-0DA3-40EE-9D29-BEB83B0EB73A}"
EndProject
Global
	GlobalSection(SolutionConfigurationPlatforms) = preSolution
		Debug|Any CPU = Debug|Any CPU
		Release|Any CPU = Release|Any CPU
	EndGlobalSection
	GlobalSection(ProjectConfigurationPlatforms) = postSolution
		{7F11FB2C-73B5-4B25-A80E-15FE82262003}.Debug|Any CPU.ActiveCfg = Debug|Any CPU
		{7F11FB2C-73B5-4B25-A80E-15FE82262003}.Debug|Any CPU.Build.0 = Debug|Any CPU
		{7F11FB2C-73B5-4B25-A80E-15FE82262003}.Release|Any CPU.ActiveCfg = Release|Any CPU
		{7F11FB2C-73B5-4B25-A80E-15FE82262003}.Release|Any CPU.Build.0 = Release|Any CPU
		{86FB3539-6981-47E0-9E18-105DBD60043D}.Debug|Any CPU.ActiveCfg = Debug|Any CPU
		{86FB3539-6981-47E0-9E18-105DBD60043D}.Debug|Any CPU.Build.0 = Debug|Any CPU
		{86FB3539-6981-47E0-9E18-105DBD60043D}.Release|Any CPU.ActiveCfg = Release|Any CPU
		{86FB3539-6981-47E0-9E18-105DBD60043D}.Release|Any CPU.Build.0 = Release|Any CPU
		{DA4D5244-0DA3-40EE-9D29-BEB83B0EB73A}.Debug|Any CPU.ActiveCfg = Debug|Any CPU
		{DA4D5244-0DA3-40EE-9D29-BEB83B0EB73A}.Debug|Any CPU.Build.0 = Debug|Any CPU
		{DA4D5244-0DA3-40EE-9D29-BEB83B0EB73A}.Release|Any CPU.ActiveCfg = Release|Any CPU
		{DA4D5244-0DA3-40EE-9D29-BEB83B0EB73A}.Release|Any CPU.Build.0 = Release|Any CPU
	EndGlobalSection
	GlobalSection(SolutionProperties) = preSolution
		HideSolutionNode = FALSE
	EndGlobalSection
	GlobalSection(ExtensibilityGlobals) = postSolution
		SolutionGuid = {D307FDC3-0E21-4114-A5A3-C525785D38C1}
	EndGlobalSection
EndGlobal
